// !$*UTF8*$!
{
	archiveVersion = 1;
	classes = {
	};
	objectVersion = 46;
	objects = {

/* Begin PBXBuildFile section */
		31043CA41EA6B4F800BD98A1 /* AppDelegate.swift in Sources */ = {isa = PBXBuildFile; fileRef = 31043CA31EA6B4F800BD98A1 /* AppDelegate.swift */; };
		31043CA61EA6B4F800BD98A1 /* ParentViewControllerClass.swift in Sources */ = {isa = PBXBuildFile; fileRef = 31043CA51EA6B4F800BD98A1 /* ParentViewControllerClass.swift */; };
		31043CA91EA6B4F800BD98A1 /* Main.storyboard in Resources */ = {isa = PBXBuildFile; fileRef = 31043CA71EA6B4F800BD98A1 /* Main.storyboard */; };
		31043CAC1EA6B4F800BD98A1 /* WarnNonDynamicInClassExtension.xcdatamodeld in Sources */ = {isa = PBXBuildFile; fileRef = 31043CAA1EA6B4F800BD98A1 /* WarnNonDynamicInClassExtension.xcdatamodeld */; };
		31043CAE1EA6B4F800BD98A1 /* Assets.xcassets in Resources */ = {isa = PBXBuildFile; fileRef = 31043CAD1EA6B4F800BD98A1 /* Assets.xcassets */; };
		31043CB11EA6B4F800BD98A1 /* LaunchScreen.storyboard in Resources */ = {isa = PBXBuildFile; fileRef = 31043CAF1EA6B4F800BD98A1 /* LaunchScreen.storyboard */; };
		31043CBC1EA6B4F800BD98A1 /* WarnNonDynamicInClassExtensionTests.swift in Sources */ = {isa = PBXBuildFile; fileRef = 31043CBB1EA6B4F800BD98A1 /* WarnNonDynamicInClassExtensionTests.swift */; };
		31043CC71EA6B4F800BD98A1 /* WarnNonDynamicInClassExtensionUITests.swift in Sources */ = {isa = PBXBuildFile; fileRef = 31043CC61EA6B4F800BD98A1 /* WarnNonDynamicInClassExtensionUITests.swift */; };
		31043CD51EA6B55900BD98A1 /* ChildViewControllerClass.swift in Sources */ = {isa = PBXBuildFile; fileRef = 31043CD41EA6B55900BD98A1 /* ChildViewControllerClass.swift */; };
/* End PBXBuildFile section */

/* Begin PBXContainerItemProxy section */
		31043CB81EA6B4F800BD98A1 /* PBXContainerItemProxy */ = {
			isa = PBXContainerItemProxy;
			containerPortal = 31043C981EA6B4F800BD98A1 /* Project object */;
			proxyType = 1;
			remoteGlobalIDString = 31043C9F1EA6B4F800BD98A1;
			remoteInfo = WarnNonDynamicInClassExtension;
		};
		31043CC31EA6B4F800BD98A1 /* PBXContainerItemProxy */ = {
			isa = PBXContainerItemProxy;
			containerPortal = 31043C981EA6B4F800BD98A1 /* Project object */;
			proxyType = 1;
			remoteGlobalIDString = 31043C9F1EA6B4F800BD98A1;
			remoteInfo = WarnNonDynamicInClassExtension;
		};
/* End PBXContainerItemProxy section */

/* Begin PBXFileReference section */
		31043CA01EA6B4F800BD98A1 /* WarnNonDynamicInClassExtension.app */ = {isa = PBXFileReference; explicitFileType = wrapper.application; includeInIndex = 0; path = WarnNonDynamicInClassExtension.app; sourceTree = BUILT_PRODUCTS_DIR; };
		31043CA31EA6B4F800BD98A1 /* AppDelegate.swift */ = {isa = PBXFileReference; lastKnownFileType = sourcecode.swift; path = AppDelegate.swift; sourceTree = "<group>"; };
		31043CA51EA6B4F800BD98A1 /* ParentViewControllerClass.swift */ = {isa = PBXFileReference; lastKnownFileType = sourcecode.swift; path = ParentViewControllerClass.swift; sourceTree = "<group>"; };
		31043CA81EA6B4F800BD98A1 /* Base */ = {isa = PBXFileReference; lastKnownFileType = file.storyboard; name = Base; path = Base.lproj/Main.storyboard; sourceTree = "<group>"; };
		31043CAB1EA6B4F800BD98A1 /* WarnNonDynamicInClassExtension.xcdatamodel */ = {isa = PBXFileReference; lastKnownFileType = wrapper.xcdatamodel; path = WarnNonDynamicInClassExtension.xcdatamodel; sourceTree = "<group>"; };
		31043CAD1EA6B4F800BD98A1 /* Assets.xcassets */ = {isa = PBXFileReference; lastKnownFileType = folder.assetcatalog; path = Assets.xcassets; sourceTree = "<group>"; };
		31043CB01EA6B4F800BD98A1 /* Base */ = {isa = PBXFileReference; lastKnownFileType = file.storyboard; name = Base; path = Base.lproj/LaunchScreen.storyboard; sourceTree = "<group>"; };
		31043CB21EA6B4F800BD98A1 /* Info.plist */ = {isa = PBXFileReference; lastKnownFileType = text.plist.xml; path = Info.plist; sourceTree = "<group>"; };
		31043CB71EA6B4F800BD98A1 /* WarnNonDynamicInClassExtensionTests.xctest */ = {isa = PBXFileReference; explicitFileType = wrapper.cfbundle; includeInIndex = 0; path = WarnNonDynamicInClassExtensionTests.xctest; sourceTree = BUILT_PRODUCTS_DIR; };
		31043CBB1EA6B4F800BD98A1 /* WarnNonDynamicInClassExtensionTests.swift */ = {isa = PBXFileReference; lastKnownFileType = sourcecode.swift; path = WarnNonDynamicInClassExtensionTests.swift; sourceTree = "<group>"; };
		31043CBD1EA6B4F800BD98A1 /* Info.plist */ = {isa = PBXFileReference; lastKnownFileType = text.plist.xml; path = Info.plist; sourceTree = "<group>"; };
		31043CC21EA6B4F800BD98A1 /* WarnNonDynamicInClassExtensionUITests.xctest */ = {isa = PBXFileReference; explicitFileType = wrapper.cfbundle; includeInIndex = 0; path = WarnNonDynamicInClassExtensionUITests.xctest; sourceTree = BUILT_PRODUCTS_DIR; };
		31043CC61EA6B4F800BD98A1 /* WarnNonDynamicInClassExtensionUITests.swift */ = {isa = PBXFileReference; lastKnownFileType = sourcecode.swift; path = WarnNonDynamicInClassExtensionUITests.swift; sourceTree = "<group>"; };
		31043CC81EA6B4F800BD98A1 /* Info.plist */ = {isa = PBXFileReference; lastKnownFileType = text.plist.xml; path = Info.plist; sourceTree = "<group>"; };
		31043CD41EA6B55900BD98A1 /* ChildViewControllerClass.swift */ = {isa = PBXFileReference; fileEncoding = 4; lastKnownFileType = sourcecode.swift; path = ChildViewControllerClass.swift; sourceTree = "<group>"; };
/* End PBXFileReference section */

/* Begin PBXFrameworksBuildPhase section */
		31043C9D1EA6B4F800BD98A1 /* Frameworks */ = {
			isa = PBXFrameworksBuildPhase;
			buildActionMask = 2147483647;
			files = (
			);
			runOnlyForDeploymentPostprocessing = 0;
		};
		31043CB41EA6B4F800BD98A1 /* Frameworks */ = {
			isa = PBXFrameworksBuildPhase;
			buildActionMask = 2147483647;
			files = (
			);
			runOnlyForDeploymentPostprocessing = 0;
		};
		31043CBF1EA6B4F800BD98A1 /* Frameworks */ = {
			isa = PBXFrameworksBuildPhase;
			buildActionMask = 2147483647;
			files = (
			);
			runOnlyForDeploymentPostprocessing = 0;
		};
/* End PBXFrameworksBuildPhase section */

/* Begin PBXGroup section */
		31043C971EA6B4F800BD98A1 = {
			isa = PBXGroup;
			children = (
				31043CA21EA6B4F800BD98A1 /* WarnNonDynamicInClassExtension */,
				31043CBA1EA6B4F800BD98A1 /* WarnNonDynamicInClassExtensionTests */,
				31043CC51EA6B4F800BD98A1 /* WarnNonDynamicInClassExtensionUITests */,
				31043CA11EA6B4F800BD98A1 /* Products */,
			);
			sourceTree = "<group>";
		};
		31043CA11EA6B4F800BD98A1 /* Products */ = {
			isa = PBXGroup;
			children = (
				31043CA01EA6B4F800BD98A1 /* WarnNonDynamicInClassExtension.app */,
				31043CB71EA6B4F800BD98A1 /* WarnNonDynamicInClassExtensionTests.xctest */,
				31043CC21EA6B4F800BD98A1 /* WarnNonDynamicInClassExtensionUITests.xctest */,
			);
			name = Products;
			sourceTree = "<group>";
		};
		31043CA21EA6B4F800BD98A1 /* WarnNonDynamicInClassExtension */ = {
			isa = PBXGroup;
			children = (
				31043CA31EA6B4F800BD98A1 /* AppDelegate.swift */,
				31043CA51EA6B4F800BD98A1 /* ParentViewControllerClass.swift */,
				31043CA71EA6B4F800BD98A1 /* Main.storyboard */,
				31043CAD1EA6B4F800BD98A1 /* Assets.xcassets */,
				31043CAF1EA6B4F800BD98A1 /* LaunchScreen.storyboard */,
				31043CB21EA6B4F800BD98A1 /* Info.plist */,
				31043CAA1EA6B4F800BD98A1 /* WarnNonDynamicInClassExtension.xcdatamodeld */,
				31043CD41EA6B55900BD98A1 /* ChildViewControllerClass.swift */,
			);
			path = WarnNonDynamicInClassExtension;
			sourceTree = "<group>";
		};
		31043CBA1EA6B4F800BD98A1 /* WarnNonDynamicInClassExtensionTests */ = {
			isa = PBXGroup;
			children = (
				31043CBB1EA6B4F800BD98A1 /* WarnNonDynamicInClassExtensionTests.swift */,
				31043CBD1EA6B4F800BD98A1 /* Info.plist */,
			);
			path = WarnNonDynamicInClassExtensionTests;
			sourceTree = "<group>";
		};
		31043CC51EA6B4F800BD98A1 /* WarnNonDynamicInClassExtensionUITests */ = {
			isa = PBXGroup;
			children = (
				31043CC61EA6B4F800BD98A1 /* WarnNonDynamicInClassExtensionUITests.swift */,
				31043CC81EA6B4F800BD98A1 /* Info.plist */,
			);
			path = WarnNonDynamicInClassExtensionUITests;
			sourceTree = "<group>";
		};
/* End PBXGroup section */

/* Begin PBXNativeTarget section */
		31043C9F1EA6B4F800BD98A1 /* WarnNonDynamicInClassExtension */ = {
			isa = PBXNativeTarget;
			buildConfigurationList = 31043CCB1EA6B4F800BD98A1 /* Build configuration list for PBXNativeTarget "WarnNonDynamicInClassExtension" */;
			buildPhases = (
				31043C9C1EA6B4F800BD98A1 /* Sources */,
				31043C9D1EA6B4F800BD98A1 /* Frameworks */,
				31043C9E1EA6B4F800BD98A1 /* Resources */,
			);
			buildRules = (
			);
			dependencies = (
			);
			name = WarnNonDynamicInClassExtension;
			productName = WarnNonDynamicInClassExtension;
			productReference = 31043CA01EA6B4F800BD98A1 /* WarnNonDynamicInClassExtension.app */;
			productType = "com.apple.product-type.application";
		};
		31043CB61EA6B4F800BD98A1 /* WarnNonDynamicInClassExtensionTests */ = {
			isa = PBXNativeTarget;
			buildConfigurationList = 31043CCE1EA6B4F800BD98A1 /* Build configuration list for PBXNativeTarget "WarnNonDynamicInClassExtensionTests" */;
			buildPhases = (
				31043CB31EA6B4F800BD98A1 /* Sources */,
				31043CB41EA6B4F800BD98A1 /* Frameworks */,
				31043CB51EA6B4F800BD98A1 /* Resources */,
			);
			buildRules = (
			);
			dependencies = (
				31043CB91EA6B4F800BD98A1 /* PBXTargetDependency */,
			);
			name = WarnNonDynamicInClassExtensionTests;
			productName = WarnNonDynamicInClassExtensionTests;
			productReference = 31043CB71EA6B4F800BD98A1 /* WarnNonDynamicInClassExtensionTests.xctest */;
			productType = "com.apple.product-type.bundle.unit-test";
		};
		31043CC11EA6B4F800BD98A1 /* WarnNonDynamicInClassExtensionUITests */ = {
			isa = PBXNativeTarget;
			buildConfigurationList = 31043CD11EA6B4F800BD98A1 /* Build configuration list for PBXNativeTarget "WarnNonDynamicInClassExtensionUITests" */;
			buildPhases = (
				31043CBE1EA6B4F800BD98A1 /* Sources */,
				31043CBF1EA6B4F800BD98A1 /* Frameworks */,
				31043CC01EA6B4F800BD98A1 /* Resources */,
			);
			buildRules = (
			);
			dependencies = (
				31043CC41EA6B4F800BD98A1 /* PBXTargetDependency */,
			);
			name = WarnNonDynamicInClassExtensionUITests;
			productName = WarnNonDynamicInClassExtensionUITests;
			productReference = 31043CC21EA6B4F800BD98A1 /* WarnNonDynamicInClassExtensionUITests.xctest */;
			productType = "com.apple.product-type.bundle.ui-testing";
		};
/* End PBXNativeTarget section */

/* Begin PBXProject section */
		31043C981EA6B4F800BD98A1 /* Project object */ = {
			isa = PBXProject;
			attributes = {
				LastSwiftUpdateCheck = 0830;
				LastUpgradeCheck = 0830;
				ORGANIZATIONNAME = scrollmotion;
				TargetAttributes = {
					31043C9F1EA6B4F800BD98A1 = {
						CreatedOnToolsVersion = 8.3;
						DevelopmentTeam = 2Y94RM943A;
						ProvisioningStyle = Automatic;
					};
					31043CB61EA6B4F800BD98A1 = {
						CreatedOnToolsVersion = 8.3;
						DevelopmentTeam = 2Y94RM943A;
						ProvisioningStyle = Automatic;
						TestTargetID = 31043C9F1EA6B4F800BD98A1;
					};
					31043CC11EA6B4F800BD98A1 = {
						CreatedOnToolsVersion = 8.3;
						DevelopmentTeam = 2Y94RM943A;
						ProvisioningStyle = Automatic;
						TestTargetID = 31043C9F1EA6B4F800BD98A1;
					};
				};
			};
			buildConfigurationList = 31043C9B1EA6B4F800BD98A1 /* Build configuration list for PBXProject "WarnNonDynamicInClassExtension" */;
			compatibilityVersion = "Xcode 3.2";
			developmentRegion = English;
			hasScannedForEncodings = 0;
			knownRegions = (
				en,
				Base,
			);
			mainGroup = 31043C971EA6B4F800BD98A1;
			productRefGroup = 31043CA11EA6B4F800BD98A1 /* Products */;
			projectDirPath = "";
			projectRoot = "";
			targets = (
				31043C9F1EA6B4F800BD98A1 /* WarnNonDynamicInClassExtension */,
				31043CB61EA6B4F800BD98A1 /* WarnNonDynamicInClassExtensionTests */,
				31043CC11EA6B4F800BD98A1 /* WarnNonDynamicInClassExtensionUITests */,
			);
		};
/* End PBXProject section */

/* Begin PBXResourcesBuildPhase section */
		31043C9E1EA6B4F800BD98A1 /* Resources */ = {
			isa = PBXResourcesBuildPhase;
			buildActionMask = 2147483647;
			files = (
				31043CB11EA6B4F800BD98A1 /* LaunchScreen.storyboard in Resources */,
				31043CAE1EA6B4F800BD98A1 /* Assets.xcassets in Resources */,
				31043CA91EA6B4F800BD98A1 /* Main.storyboard in Resources */,
			);
			runOnlyForDeploymentPostprocessing = 0;
		};
		31043CB51EA6B4F800BD98A1 /* Resources */ = {
			isa = PBXResourcesBuildPhase;
			buildActionMask = 2147483647;
			files = (
			);
			runOnlyForDeploymentPostprocessing = 0;
		};
		31043CC01EA6B4F800BD98A1 /* Resources */ = {
			isa = PBXResourcesBuildPhase;
			buildActionMask = 2147483647;
			files = (
			);
			runOnlyForDeploymentPostprocessing = 0;
		};
/* End PBXResourcesBuildPhase section */

/* Begin PBXSourcesBuildPhase section */
		31043C9C1EA6B4F800BD98A1 /* Sources */ = {
			isa = PBXSourcesBuildPhase;
			buildActionMask = 2147483647;
			files = (
				31043CAC1EA6B4F800BD98A1 /* WarnNonDynamicInClassExtension.xcdatamodeld in Sources */,
				31043CA61EA6B4F800BD98A1 /* ParentViewControllerClass.swift in Sources */,
				31043CD51EA6B55900BD98A1 /* ChildViewControllerClass.swift in Sources */,
				31043CA41EA6B4F800BD98A1 /* AppDelegate.swift in Sources */,
			);
			runOnlyForDeploymentPostprocessing = 0;
		};
		31043CB31EA6B4F800BD98A1 /* Sources */ = {
			isa = PBXSourcesBuildPhase;
			buildActionMask = 2147483647;
			files = (
				31043CBC1EA6B4F800BD98A1 /* WarnNonDynamicInClassExtensionTests.swift in Sources */,
			);
			runOnlyForDeploymentPostprocessing = 0;
		};
		31043CBE1EA6B4F800BD98A1 /* Sources */ = {
			isa = PBXSourcesBuildPhase;
			buildActionMask = 2147483647;
			files = (
				31043CC71EA6B4F800BD98A1 /* WarnNonDynamicInClassExtensionUITests.swift in Sources */,
			);
			runOnlyForDeploymentPostprocessing = 0;
		};
/* End PBXSourcesBuildPhase section */

/* Begin PBXTargetDependency section */
		31043CB91EA6B4F800BD98A1 /* PBXTargetDependency */ = {
			isa = PBXTargetDependency;
			target = 31043C9F1EA6B4F800BD98A1 /* WarnNonDynamicInClassExtension */;
			targetProxy = 31043CB81EA6B4F800BD98A1 /* PBXContainerItemProxy */;
		};
		31043CC41EA6B4F800BD98A1 /* PBXTargetDependency */ = {
			isa = PBXTargetDependency;
			target = 31043C9F1EA6B4F800BD98A1 /* WarnNonDynamicInClassExtension */;
			targetProxy = 31043CC31EA6B4F800BD98A1 /* PBXContainerItemProxy */;
		};
/* End PBXTargetDependency section */

/* Begin PBXVariantGroup section */
		31043CA71EA6B4F800BD98A1 /* Main.storyboard */ = {
			isa = PBXVariantGroup;
			children = (
				31043CA81EA6B4F800BD98A1 /* Base */,
			);
			name = Main.storyboard;
			sourceTree = "<group>";
		};
		31043CAF1EA6B4F800BD98A1 /* LaunchScreen.storyboard */ = {
			isa = PBXVariantGroup;
			children = (
				31043CB01EA6B4F800BD98A1 /* Base */,
			);
			name = LaunchScreen.storyboard;
			sourceTree = "<group>";
		};
/* End PBXVariantGroup section */

/* Begin XCBuildConfiguration section */
		31043CC91EA6B4F800BD98A1 /* Debug */ = {
			isa = XCBuildConfiguration;
			buildSettings = {
				ALWAYS_SEARCH_USER_PATHS = NO;
				CLANG_ANALYZER_NONNULL = YES;
				CLANG_ANALYZER_NUMBER_OBJECT_CONVERSION = YES_AGGRESSIVE;
				CLANG_CXX_LANGUAGE_STANDARD = "gnu++0x";
				CLANG_CXX_LIBRARY = "libc++";
				CLANG_ENABLE_MODULES = YES;
				CLANG_ENABLE_OBJC_ARC = YES;
				CLANG_WARN_BOOL_CONVERSION = YES;
				CLANG_WARN_CONSTANT_CONVERSION = YES;
				CLANG_WARN_DIRECT_OBJC_ISA_USAGE = YES_ERROR;
				CLANG_WARN_DOCUMENTATION_COMMENTS = YES;
				CLANG_WARN_EMPTY_BODY = YES;
				CLANG_WARN_ENUM_CONVERSION = YES;
				CLANG_WARN_INFINITE_RECURSION = YES;
				CLANG_WARN_INT_CONVERSION = YES;
				CLANG_WARN_OBJC_ROOT_CLASS = YES_ERROR;
				CLANG_WARN_SUSPICIOUS_MOVE = YES;
				CLANG_WARN_UNREACHABLE_CODE = YES;
				CLANG_WARN__DUPLICATE_METHOD_MATCH = YES;
				"CODE_SIGN_IDENTITY[sdk=iphoneos*]" = "iPhone Developer";
				COPY_PHASE_STRIP = NO;
				DEBUG_INFORMATION_FORMAT = dwarf;
				ENABLE_STRICT_OBJC_MSGSEND = YES;
				ENABLE_TESTABILITY = YES;
				GCC_C_LANGUAGE_STANDARD = gnu99;
				GCC_DYNAMIC_NO_PIC = NO;
				GCC_NO_COMMON_BLOCKS = YES;
				GCC_OPTIMIZATION_LEVEL = 0;
				GCC_PREPROCESSOR_DEFINITIONS = (
					"DEBUG=1",
					"$(inherited)",
				);
				GCC_WARN_64_TO_32_BIT_CONVERSION = YES;
				GCC_WARN_ABOUT_RETURN_TYPE = YES_ERROR;
				GCC_WARN_UNDECLARED_SELECTOR = YES;
				GCC_WARN_UNINITIALIZED_AUTOS = YES_AGGRESSIVE;
				GCC_WARN_UNUSED_FUNCTION = YES;
				GCC_WARN_UNUSED_VARIABLE = YES;
				IPHONEOS_DEPLOYMENT_TARGET = 10.3;
				MTL_ENABLE_DEBUG_INFO = YES;
				ONLY_ACTIVE_ARCH = YES;
				SDKROOT = iphoneos;
				SWIFT_ACTIVE_COMPILATION_CONDITIONS = DEBUG;
				SWIFT_OPTIMIZATION_LEVEL = "-Onone";
				TARGETED_DEVICE_FAMILY = "1,2";
			};
			name = Debug;
		};
		31043CCA1EA6B4F800BD98A1 /* Release */ = {
			isa = XCBuildConfiguration;
			buildSettings = {
				ALWAYS_SEARCH_USER_PATHS = NO;
				CLANG_ANALYZER_NONNULL = YES;
				CLANG_ANALYZER_NUMBER_OBJECT_CONVERSION = YES_AGGRESSIVE;
				CLANG_CXX_LANGUAGE_STANDARD = "gnu++0x";
				CLANG_CXX_LIBRARY = "libc++";
				CLANG_ENABLE_MODULES = YES;
				CLANG_ENABLE_OBJC_ARC = YES;
				CLANG_WARN_BOOL_CONVERSION = YES;
				CLANG_WARN_CONSTANT_CONVERSION = YES;
				CLANG_WARN_DIRECT_OBJC_ISA_USAGE = YES_ERROR;
				CLANG_WARN_DOCUMENTATION_COMMENTS = YES;
				CLANG_WARN_EMPTY_BODY = YES;
				CLANG_WARN_ENUM_CONVERSION = YES;
				CLANG_WARN_INFINITE_RECURSION = YES;
				CLANG_WARN_INT_CONVERSION = YES;
				CLANG_WARN_OBJC_ROOT_CLASS = YES_ERROR;
				CLANG_WARN_SUSPICIOUS_MOVE = YES;
				CLANG_WARN_UNREACHABLE_CODE = YES;
				CLANG_WARN__DUPLICATE_METHOD_MATCH = YES;
				"CODE_SIGN_IDENTITY[sdk=iphoneos*]" = "iPhone Developer";
				COPY_PHASE_STRIP = NO;
				DEBUG_INFORMATION_FORMAT = "dwarf-with-dsym";
				ENABLE_NS_ASSERTIONS = NO;
				ENABLE_STRICT_OBJC_MSGSEND = YES;
				GCC_C_LANGUAGE_STANDARD = gnu99;
				GCC_NO_COMMON_BLOCKS = YES;
				GCC_WARN_64_TO_32_BIT_CONVERSION = YES;
				GCC_WARN_ABOUT_RETURN_TYPE = YES_ERROR;
				GCC_WARN_UNDECLARED_SELECTOR = YES;
				GCC_WARN_UNINITIALIZED_AUTOS = YES_AGGRESSIVE;
				GCC_WARN_UNUSED_FUNCTION = YES;
				GCC_WARN_UNUSED_VARIABLE = YES;
				IPHONEOS_DEPLOYMENT_TARGET = 10.3;
				MTL_ENABLE_DEBUG_INFO = NO;
				SDKROOT = iphoneos;
				SWIFT_OPTIMIZATION_LEVEL = "-Owholemodule";
				TARGETED_DEVICE_FAMILY = "1,2";
				VALIDATE_PRODUCT = YES;
			};
			name = Release;
		};
		31043CCC1EA6B4F800BD98A1 /* Debug */ = {
			isa = XCBuildConfiguration;
			buildSettings = {
				ASSETCATALOG_COMPILER_APPICON_NAME = AppIcon;
				DEVELOPMENT_TEAM = 2Y94RM943A;
				INFOPLIST_FILE = WarnNonDynamicInClassExtension/Info.plist;
				LD_RUNPATH_SEARCH_PATHS = "$(inherited) @executable_path/Frameworks";
				PRODUCT_BUNDLE_IDENTIFIER = com.scrollmotion.WarnNonDynamicInClassExtension;
				PRODUCT_NAME = "$(TARGET_NAME)";
				SWIFT_VERSION = 3.0;
			};
			name = Debug;
		};
		31043CCD1EA6B4F800BD98A1 /* Release */ = {
			isa = XCBuildConfiguration;
			buildSettings = {
				ASSETCATALOG_COMPILER_APPICON_NAME = AppIcon;
				DEVELOPMENT_TEAM = 2Y94RM943A;
				INFOPLIST_FILE = WarnNonDynamicInClassExtension/Info.plist;
				LD_RUNPATH_SEARCH_PATHS = "$(inherited) @executable_path/Frameworks";
				PRODUCT_BUNDLE_IDENTIFIER = com.scrollmotion.WarnNonDynamicInClassExtension;
				PRODUCT_NAME = "$(TARGET_NAME)";
				SWIFT_VERSION = 3.0;
			};
			name = Release;
		};
		31043CCF1EA6B4F800BD98A1 /* Debug */ = {
			isa = XCBuildConfiguration;
			buildSettings = {
				ALWAYS_EMBED_SWIFT_STANDARD_LIBRARIES = YES;
				BUNDLE_LOADER = "$(TEST_HOST)";
				DEVELOPMENT_TEAM = 2Y94RM943A;
				INFOPLIST_FILE = WarnNonDynamicInClassExtensionTests/Info.plist;
				LD_RUNPATH_SEARCH_PATHS = "$(inherited) @executable_path/Frameworks @loader_path/Frameworks";
				PRODUCT_BUNDLE_IDENTIFIER = com.scrollmotion.WarnNonDynamicInClassExtensionTests;
				PRODUCT_NAME = "$(TARGET_NAME)";
				SWIFT_VERSION = 3.0;
				TEST_HOST = "$(BUILT_PRODUCTS_DIR)/WarnNonDynamicInClassExtension.app/WarnNonDynamicInClassExtension";
			};
			name = Debug;
		};
		31043CD01EA6B4F800BD98A1 /* Release */ = {
			isa = XCBuildConfiguration;
			buildSettings = {
				ALWAYS_EMBED_SWIFT_STANDARD_LIBRARIES = YES;
				BUNDLE_LOADER = "$(TEST_HOST)";
				DEVELOPMENT_TEAM = 2Y94RM943A;
				INFOPLIST_FILE = WarnNonDynamicInClassExtensionTests/Info.plist;
				LD_RUNPATH_SEARCH_PATHS = "$(inherited) @executable_path/Frameworks @loader_path/Frameworks";
				PRODUCT_BUNDLE_IDENTIFIER = com.scrollmotion.WarnNonDynamicInClassExtensionTests;
				PRODUCT_NAME = "$(TARGET_NAME)";
				SWIFT_VERSION = 3.0;
				TEST_HOST = "$(BUILT_PRODUCTS_DIR)/WarnNonDynamicInClassExtension.app/WarnNonDynamicInClassExtension";
			};
			name = Release;
		};
		31043CD21EA6B4F800BD98A1 /* Debug */ = {
			isa = XCBuildConfiguration;
			buildSettings = {
				ALWAYS_EMBED_SWIFT_STANDARD_LIBRARIES = YES;
				DEVELOPMENT_TEAM = 2Y94RM943A;
				INFOPLIST_FILE = WarnNonDynamicInClassExtensionUITests/Info.plist;
				LD_RUNPATH_SEARCH_PATHS = "$(inherited) @executable_path/Frameworks @loader_path/Frameworks";
				PRODUCT_BUNDLE_IDENTIFIER = com.scrollmotion.WarnNonDynamicInClassExtensionUITests;
				PRODUCT_NAME = "$(TARGET_NAME)";
				SWIFT_VERSION = 3.0;
				TEST_TARGET_NAME = WarnNonDynamicInClassExtension;
			};
			name = Debug;
		};
		31043CD31EA6B4F800BD98A1 /* Release */ = {
			isa = XCBuildConfiguration;
			buildSettings = {
				ALWAYS_EMBED_SWIFT_STANDARD_LIBRARIES = YES;
				DEVELOPMENT_TEAM = 2Y94RM943A;
				INFOPLIST_FILE = WarnNonDynamicInClassExtensionUITests/Info.plist;
				LD_RUNPATH_SEARCH_PATHS = "$(inherited) @executable_path/Frameworks @loader_path/Frameworks";
				PRODUCT_BUNDLE_IDENTIFIER = com.scrollmotion.WarnNonDynamicInClassExtensionUITests;
				PRODUCT_NAME = "$(TARGET_NAME)";
				SWIFT_VERSION = 3.0;
				TEST_TARGET_NAME = WarnNonDynamicInClassExtension;
			};
			name = Release;
		};
/* End XCBuildConfiguration section */

/* Begin XCConfigurationList section */
		31043C9B1EA6B4F800BD98A1 /* Build configuration list for PBXProject "WarnNonDynamicInClassExtension" */ = {
			isa = XCConfigurationList;
			buildConfigurations = (
				31043CC91EA6B4F800BD98A1 /* Debug */,
				31043CCA1EA6B4F800BD98A1 /* Release */,
			);
			defaultConfigurationIsVisible = 0;
			defaultConfigurationName = Release;
		};
		31043CCB1EA6B4F800BD98A1 /* Build configuration list for PBXNativeTarget "WarnNonDynamicInClassExtension" */ = {
			isa = XCConfigurationList;
			buildConfigurations = (
				31043CCC1EA6B4F800BD98A1 /* Debug */,
				31043CCD1EA6B4F800BD98A1 /* Release */,
			);
			defaultConfigurationIsVisible = 0;
		};
		31043CCE1EA6B4F800BD98A1 /* Build configuration list for PBXNativeTarget "WarnNonDynamicInClassExtensionTests" */ = {
			isa = XCConfigurationList;
			buildConfigurations = (
				31043CCF1EA6B4F800BD98A1 /* Debug */,
				31043CD01EA6B4F800BD98A1 /* Release */,
			);
			defaultConfigurationIsVisible = 0;
		};
		31043CD11EA6B4F800BD98A1 /* Build configuration list for PBXNativeTarget "WarnNonDynamicInClassExtensionUITests" */ = {
			isa = XCConfigurationList;
			buildConfigurations = (
				31043CD21EA6B4F800BD98A1 /* Debug */,
				31043CD31EA6B4F800BD98A1 /* Release */,
			);
			defaultConfigurationIsVisible = 0;
		};
/* End XCConfigurationList section */

/* Begin XCVersionGroup section */
		31043CAA1EA6B4F800BD98A1 /* WarnNonDynamicInClassExtension.xcdatamodeld */ = {
			isa = XCVersionGroup;
			children = (
				31043CAB1EA6B4F800BD98A1 /* WarnNonDynamicInClassExtension.xcdatamodel */,
			);
			currentVersion = 31043CAB1EA6B4F800BD98A1 /* WarnNonDynamicInClassExtension.xcdatamodel */;
			path = WarnNonDynamicInClassExtension.xcdatamodeld;
			sourceTree = "<group>";
			versionGroupType = wrapper.xcdatamodel;
		};
/* End XCVersionGroup section */
	};
	rootObject = 31043C981EA6B4F800BD98A1 /* Project object */;
}
